// !$*UTF8*$!
{
	archiveVersion = 1;
	classes = {
	};
	objectVersion = 46;
	objects = {

/* Begin PBXBuildFile section */
		FF273CBF1C4A4DEF001FE07A /* AppDelegate.swift in Sources */ = {isa = PBXBuildFile; fileRef = FF273CBE1C4A4DEF001FE07A /* AppDelegate.swift */; };
		FF273CC11C4A4DEF001FE07A /* ViewController.swift in Sources */ = {isa = PBXBuildFile; fileRef = FF273CC01C4A4DEF001FE07A /* ViewController.swift */; };
		FF273CC41C4A4DEF001FE07A /* Main.storyboard in Resources */ = {isa = PBXBuildFile; fileRef = FF273CC21C4A4DEF001FE07A /* Main.storyboard */; };
		FF273CC61C4A4DEF001FE07A /* Assets.xcassets in Resources */ = {isa = PBXBuildFile; fileRef = FF273CC51C4A4DEF001FE07A /* Assets.xcassets */; };
		FF273CC91C4A4DEF001FE07A /* LaunchScreen.storyboard in Resources */ = {isa = PBXBuildFile; fileRef = FF273CC71C4A4DEF001FE07A /* LaunchScreen.storyboard */; };
		FF273CD41C4A4DEF001FE07A /* MyNetworkingAppTests.swift in Sources */ = {isa = PBXBuildFile; fileRef = FF273CD31C4A4DEF001FE07A /* MyNetworkingAppTests.swift */; };
		FF273CE31C4A4EB1001FE07A /* cloudServer.pdf in Resources */ = {isa = PBXBuildFile; fileRef = FF273CDF1C4A4EB1001FE07A /* cloudServer.pdf */; };
		FF273CE41C4A4EB1001FE07A /* EESettings.swift in Sources */ = {isa = PBXBuildFile; fileRef = FF273CE01C4A4EB1001FE07A /* EESettings.swift */; };
		FF273CE51C4A4EB1001FE07A /* EESettings.xib in Resources */ = {isa = PBXBuildFile; fileRef = FF273CE11C4A4EB1001FE07A /* EESettings.xib */; };
		FF273CE61C4A4EB1001FE07A /* Settings.bundle in Resources */ = {isa = PBXBuildFile; fileRef = FF273CE21C4A4EB1001FE07A /* Settings.bundle */; };
/* End PBXBuildFile section */

/* Begin PBXContainerItemProxy section */
		FF273CD01C4A4DEF001FE07A /* PBXContainerItemProxy */ = {
			isa = PBXContainerItemProxy;
			containerPortal = FF273CB31C4A4DEF001FE07A /* Project object */;
			proxyType = 1;
			remoteGlobalIDString = FF273CBA1C4A4DEF001FE07A;
			remoteInfo = MyNetworkingApp;
		};
/* End PBXContainerItemProxy section */

/* Begin PBXFileReference section */
		FF273CBB1C4A4DEF001FE07A /* MyNetworkingApp.app */ = {isa = PBXFileReference; explicitFileType = wrapper.application; includeInIndex = 0; path = MyNetworkingApp.app; sourceTree = BUILT_PRODUCTS_DIR; };
		FF273CBE1C4A4DEF001FE07A /* AppDelegate.swift */ = {isa = PBXFileReference; lastKnownFileType = sourcecode.swift; path = AppDelegate.swift; sourceTree = "<group>"; };
		FF273CC01C4A4DEF001FE07A /* ViewController.swift */ = {isa = PBXFileReference; lastKnownFileType = sourcecode.swift; path = ViewController.swift; sourceTree = "<group>"; };
		FF273CC31C4A4DEF001FE07A /* Base */ = {isa = PBXFileReference; lastKnownFileType = file.storyboard; name = Base; path = Base.lproj/Main.storyboard; sourceTree = "<group>"; };
		FF273CC51C4A4DEF001FE07A /* Assets.xcassets */ = {isa = PBXFileReference; lastKnownFileType = folder.assetcatalog; path = Assets.xcassets; sourceTree = "<group>"; };
		FF273CC81C4A4DEF001FE07A /* Base */ = {isa = PBXFileReference; lastKnownFileType = file.storyboard; name = Base; path = Base.lproj/LaunchScreen.storyboard; sourceTree = "<group>"; };
		FF273CCA1C4A4DEF001FE07A /* Info.plist */ = {isa = PBXFileReference; lastKnownFileType = text.plist.xml; path = Info.plist; sourceTree = "<group>"; };
		FF273CCF1C4A4DEF001FE07A /* MyNetworkingAppTests.xctest */ = {isa = PBXFileReference; explicitFileType = wrapper.cfbundle; includeInIndex = 0; path = MyNetworkingAppTests.xctest; sourceTree = BUILT_PRODUCTS_DIR; };
		FF273CD31C4A4DEF001FE07A /* MyNetworkingAppTests.swift */ = {isa = PBXFileReference; lastKnownFileType = sourcecode.swift; path = MyNetworkingAppTests.swift; sourceTree = "<group>"; };
		FF273CD51C4A4DEF001FE07A /* Info.plist */ = {isa = PBXFileReference; lastKnownFileType = text.plist.xml; path = Info.plist; sourceTree = "<group>"; };
		FF273CDF1C4A4EB1001FE07A /* cloudServer.pdf */ = {isa = PBXFileReference; lastKnownFileType = image.pdf; path = cloudServer.pdf; sourceTree = "<group>"; };
		FF273CE01C4A4EB1001FE07A /* EESettings.swift */ = {isa = PBXFileReference; fileEncoding = 4; lastKnownFileType = sourcecode.swift; path = EESettings.swift; sourceTree = "<group>"; };
		FF273CE11C4A4EB1001FE07A /* EESettings.xib */ = {isa = PBXFileReference; fileEncoding = 4; lastKnownFileType = file.xib; path = EESettings.xib; sourceTree = "<group>"; };
		FF273CE21C4A4EB1001FE07A /* Settings.bundle */ = {isa = PBXFileReference; lastKnownFileType = "wrapper.plug-in"; path = Settings.bundle; sourceTree = "<group>"; };
/* End PBXFileReference section */

/* Begin PBXFrameworksBuildPhase section */
		FF273CB81C4A4DEF001FE07A /* Frameworks */ = {
			isa = PBXFrameworksBuildPhase;
			buildActionMask = 2147483647;
			files = (
			);
			runOnlyForDeploymentPostprocessing = 0;
		};
		FF273CCC1C4A4DEF001FE07A /* Frameworks */ = {
			isa = PBXFrameworksBuildPhase;
			buildActionMask = 2147483647;
			files = (
			);
			runOnlyForDeploymentPostprocessing = 0;
		};
/* End PBXFrameworksBuildPhase section */

/* Begin PBXGroup section */
		FF273CB21C4A4DEF001FE07A = {
			isa = PBXGroup;
			children = (
				FF273CBD1C4A4DEF001FE07A /* MyNetworkingApp */,
				FF273CD21C4A4DEF001FE07A /* MyNetworkingAppTests */,
				FF273CBC1C4A4DEF001FE07A /* Products */,
			);
			sourceTree = "<group>";
		};
		FF273CBC1C4A4DEF001FE07A /* Products */ = {
			isa = PBXGroup;
			children = (
				FF273CBB1C4A4DEF001FE07A /* MyNetworkingApp.app */,
				FF273CCF1C4A4DEF001FE07A /* MyNetworkingAppTests.xctest */,
			);
			name = Products;
			sourceTree = "<group>";
		};
		FF273CBD1C4A4DEF001FE07A /* MyNetworkingApp */ = {
			isa = PBXGroup;
			children = (
				FF273CDE1C4A4EB1001FE07A /* EESettings */,
				FF273CBE1C4A4DEF001FE07A /* AppDelegate.swift */,
				FF273CC01C4A4DEF001FE07A /* ViewController.swift */,
				FF273CC21C4A4DEF001FE07A /* Main.storyboard */,
				FF273CC51C4A4DEF001FE07A /* Assets.xcassets */,
				FF273CC71C4A4DEF001FE07A /* LaunchScreen.storyboard */,
				FF273CCA1C4A4DEF001FE07A /* Info.plist */,
			);
			path = MyNetworkingApp;
			sourceTree = "<group>";
		};
		FF273CD21C4A4DEF001FE07A /* MyNetworkingAppTests */ = {
			isa = PBXGroup;
			children = (
				FF273CD31C4A4DEF001FE07A /* MyNetworkingAppTests.swift */,
				FF273CD51C4A4DEF001FE07A /* Info.plist */,
			);
			path = MyNetworkingAppTests;
			sourceTree = "<group>";
		};
		FF273CDE1C4A4EB1001FE07A /* EESettings */ = {
			isa = PBXGroup;
			children = (
				FF273CDF1C4A4EB1001FE07A /* cloudServer.pdf */,
				FF273CE01C4A4EB1001FE07A /* EESettings.swift */,
				FF273CE11C4A4EB1001FE07A /* EESettings.xib */,
				FF273CE21C4A4EB1001FE07A /* Settings.bundle */,
			);
			name = EESettings;
			path = ../../EESettings;
			sourceTree = "<group>";
		};
/* End PBXGroup section */

/* Begin PBXNativeTarget section */
		FF273CBA1C4A4DEF001FE07A /* MyNetworkingApp */ = {
			isa = PBXNativeTarget;
			buildConfigurationList = FF273CD81C4A4DEF001FE07A /* Build configuration list for PBXNativeTarget "MyNetworkingApp" */;
			buildPhases = (
				FF273CB71C4A4DEF001FE07A /* Sources */,
				FF273CB81C4A4DEF001FE07A /* Frameworks */,
				FF273CB91C4A4DEF001FE07A /* Resources */,
			);
			buildRules = (
			);
			dependencies = (
			);
			name = MyNetworkingApp;
			productName = MyNetworkingApp;
			productReference = FF273CBB1C4A4DEF001FE07A /* MyNetworkingApp.app */;
			productType = "com.apple.product-type.application";
		};
		FF273CCE1C4A4DEF001FE07A /* MyNetworkingAppTests */ = {
			isa = PBXNativeTarget;
			buildConfigurationList = FF273CDB1C4A4DEF001FE07A /* Build configuration list for PBXNativeTarget "MyNetworkingAppTests" */;
			buildPhases = (
				FF273CCB1C4A4DEF001FE07A /* Sources */,
				FF273CCC1C4A4DEF001FE07A /* Frameworks */,
				FF273CCD1C4A4DEF001FE07A /* Resources */,
			);
			buildRules = (
			);
			dependencies = (
				FF273CD11C4A4DEF001FE07A /* PBXTargetDependency */,
			);
			name = MyNetworkingAppTests;
			productName = MyNetworkingAppTests;
			productReference = FF273CCF1C4A4DEF001FE07A /* MyNetworkingAppTests.xctest */;
			productType = "com.apple.product-type.bundle.unit-test";
		};
/* End PBXNativeTarget section */

/* Begin PBXProject section */
		FF273CB31C4A4DEF001FE07A /* Project object */ = {
			isa = PBXProject;
			attributes = {
				LastSwiftUpdateCheck = 0720;
				LastUpgradeCheck = 0720;
				ORGANIZATIONNAME = "Erk Ekin";
				TargetAttributes = {
					FF273CBA1C4A4DEF001FE07A = {
						CreatedOnToolsVersion = 7.2;
					};
					FF273CCE1C4A4DEF001FE07A = {
						CreatedOnToolsVersion = 7.2;
						TestTargetID = FF273CBA1C4A4DEF001FE07A;
					};
				};
			};
			buildConfigurationList = FF273CB61C4A4DEF001FE07A /* Build configuration list for PBXProject "MyNetworkingApp" */;
			compatibilityVersion = "Xcode 3.2";
			developmentRegion = English;
			hasScannedForEncodings = 0;
			knownRegions = (
				en,
				Base,
			);
			mainGroup = FF273CB21C4A4DEF001FE07A;
			productRefGroup = FF273CBC1C4A4DEF001FE07A /* Products */;
			projectDirPath = "";
			projectRoot = "";
			targets = (
				FF273CBA1C4A4DEF001FE07A /* MyNetworkingApp */,
				FF273CCE1C4A4DEF001FE07A /* MyNetworkingAppTests */,
			);
		};
/* End PBXProject section */

/* Begin PBXResourcesBuildPhase section */
		FF273CB91C4A4DEF001FE07A /* Resources */ = {
			isa = PBXResourcesBuildPhase;
			buildActionMask = 2147483647;
			files = (
				FF273CC91C4A4DEF001FE07A /* LaunchScreen.storyboard in Resources */,
				FF273CE31C4A4EB1001FE07A /* cloudServer.pdf in Resources */,
				FF273CE51C4A4EB1001FE07A /* EESettings.xib in Resources */,
				FF273CC61C4A4DEF001FE07A /* Assets.xcassets in Resources */,
				FF273CE61C4A4EB1001FE07A /* Settings.bundle in Resources */,
				FF273CC41C4A4DEF001FE07A /* Main.storyboard in Resources */,
			);
			runOnlyForDeploymentPostprocessing = 0;
		};
		FF273CCD1C4A4DEF001FE07A /* Resources */ = {
			isa = PBXResourcesBuildPhase;
			buildActionMask = 2147483647;
			files = (
			);
			runOnlyForDeploymentPostprocessing = 0;
		};
/* End PBXResourcesBuildPhase section */

/* Begin PBXSourcesBuildPhase section */
		FF273CB71C4A4DEF001FE07A /* Sources */ = {
			isa = PBXSourcesBuildPhase;
			buildActionMask = 2147483647;
			files = (
				FF273CC11C4A4DEF001FE07A /* ViewController.swift in Sources */,
				FF273CE41C4A4EB1001FE07A /* EESettings.swift in Sources */,
				FF273CBF1C4A4DEF001FE07A /* AppDelegate.swift in Sources */,
			);
			runOnlyForDeploymentPostprocessing = 0;
		};
		FF273CCB1C4A4DEF001FE07A /* Sources */ = {
			isa = PBXSourcesBuildPhase;
			buildActionMask = 2147483647;
			files = (
				FF273CD41C4A4DEF001FE07A /* MyNetworkingAppTests.swift in Sources */,
			);
			runOnlyForDeploymentPostprocessing = 0;
		};
/* End PBXSourcesBuildPhase section */

/* Begin PBXTargetDependency section */
		FF273CD11C4A4DEF001FE07A /* PBXTargetDependency */ = {
			isa = PBXTargetDependency;
			target = FF273CBA1C4A4DEF001FE07A /* MyNetworkingApp */;
			targetProxy = FF273CD01C4A4DEF001FE07A /* PBXContainerItemProxy */;
		};
/* End PBXTargetDependency section */

/* Begin PBXVariantGroup section */
		FF273CC21C4A4DEF001FE07A /* Main.storyboard */ = {
			isa = PBXVariantGroup;
			children = (
				FF273CC31C4A4DEF001FE07A /* Base */,
			);
			name = Main.storyboard;
			sourceTree = "<group>";
		};
		FF273CC71C4A4DEF001FE07A /* LaunchScreen.storyboard */ = {
			isa = PBXVariantGroup;
			children = (
				FF273CC81C4A4DEF001FE07A /* Base */,
			);
			name = LaunchScreen.storyboard;
			sourceTree = "<group>";
		};
/* End PBXVariantGroup section */

/* Begin XCBuildConfiguration section */
		FF273CD61C4A4DEF001FE07A /* Debug */ = {
			isa = XCBuildConfiguration;
			buildSettings = {
				ALWAYS_SEARCH_USER_PATHS = NO;
				CLANG_CXX_LANGUAGE_STANDARD = "gnu++0x";
				CLANG_CXX_LIBRARY = "libc++";
				CLANG_ENABLE_MODULES = YES;
				CLANG_ENABLE_OBJC_ARC = YES;
				CLANG_WARN_BOOL_CONVERSION = YES;
				CLANG_WARN_CONSTANT_CONVERSION = YES;
				CLANG_WARN_DIRECT_OBJC_ISA_USAGE = YES_ERROR;
				CLANG_WARN_EMPTY_BODY = YES;
				CLANG_WARN_ENUM_CONVERSION = YES;
				CLANG_WARN_INT_CONVERSION = YES;
				CLANG_WARN_OBJC_ROOT_CLASS = YES_ERROR;
				CLANG_WARN_UNREACHABLE_CODE = YES;
				CLANG_WARN__DUPLICATE_METHOD_MATCH = YES;
				"CODE_SIGN_IDENTITY[sdk=iphoneos*]" = "iPhone Developer";
				COPY_PHASE_STRIP = NO;
				DEBUG_INFORMATION_FORMAT = dwarf;
				ENABLE_STRICT_OBJC_MSGSEND = YES;
				ENABLE_TESTABILITY = YES;
				GCC_C_LANGUAGE_STANDARD = gnu99;
				GCC_DYNAMIC_NO_PIC = NO;
				GCC_NO_COMMON_BLOCKS = YES;
				GCC_OPTIMIZATION_LEVEL = 0;
				GCC_PREPROCESSOR_DEFINITIONS = (
					"DEBUG=1",
					"$(inherited)",
				);
				GCC_WARN_64_TO_32_BIT_CONVERSION = YES;
				GCC_WARN_ABOUT_RETURN_TYPE = YES_ERROR;
				GCC_WARN_UNDECLARED_SELECTOR = YES;
				GCC_WARN_UNINITIALIZED_AUTOS = YES_AGGRESSIVE;
				GCC_WARN_UNUSED_FUNCTION = YES;
				GCC_WARN_UNUSED_VARIABLE = YES;
				IPHONEOS_DEPLOYMENT_TARGET = 9.2;
				MTL_ENABLE_DEBUG_INFO = YES;
				ONLY_ACTIVE_ARCH = YES;
				SDKROOT = iphoneos;
				SWIFT_OPTIMIZATION_LEVEL = "-Onone";
				TARGETED_DEVICE_FAMILY = 2;
			};
			name = Debug;
		};
		FF273CD71C4A4DEF001FE07A /* Release */ = {
			isa = XCBuildConfiguration;
			buildSettings = {
				ALWAYS_SEARCH_USER_PATHS = NO;
				CLANG_CXX_LANGUAGE_STANDARD = "gnu++0x";
				CLANG_CXX_LIBRARY = "libc++";
				CLANG_ENABLE_MODULES = YES;
				CLANG_ENABLE_OBJC_ARC = YES;
				CLANG_WARN_BOOL_CONVERSION = YES;
				CLANG_WARN_CONSTANT_CONVERSION = YES;
				CLANG_WARN_DIRECT_OBJC_ISA_USAGE = YES_ERROR;
				CLANG_WARN_EMPTY_BODY = YES;
				CLANG_WARN_ENUM_CONVERSION = YES;
				CLANG_WARN_INT_CONVERSION = YES;
				CLANG_WARN_OBJC_ROOT_CLASS = YES_ERROR;
				CLANG_WARN_UNREACHABLE_CODE = YES;
				CLANG_WARN__DUPLICATE_METHOD_MATCH = YES;
				"CODE_SIGN_IDENTITY[sdk=iphoneos*]" = "iPhone Developer";
				COPY_PHASE_STRIP = NO;
				DEBUG_INFORMATION_FORMAT = "dwarf-with-dsym";
				ENABLE_NS_ASSERTIONS = NO;
				ENABLE_STRICT_OBJC_MSGSEND = YES;
				GCC_C_LANGUAGE_STANDARD = gnu99;
				GCC_NO_COMMON_BLOCKS = YES;
				GCC_WARN_64_TO_32_BIT_CONVERSION = YES;
				GCC_WARN_ABOUT_RETURN_TYPE = YES_ERROR;
				GCC_WARN_UNDECLARED_SELECTOR = YES;
				GCC_WARN_UNINITIALIZED_AUTOS = YES_AGGRESSIVE;
				GCC_WARN_UNUSED_FUNCTION = YES;
				GCC_WARN_UNUSED_VARIABLE = YES;
				IPHONEOS_DEPLOYMENT_TARGET = 9.2;
				MTL_ENABLE_DEBUG_INFO = NO;
				SDKROOT = iphoneos;
				TARGETED_DEVICE_FAMILY = 2;
				VALIDATE_PRODUCT = YES;
			};
			name = Release;
		};
		FF273CD91C4A4DEF001FE07A /* Debug */ = {
			isa = XCBuildConfiguration;
			buildSettings = {
				ASSETCATALOG_COMPILER_APPICON_NAME = AppIcon;
				INFOPLIST_FILE = MyNetworkingApp/Info.plist;
				LD_RUNPATH_SEARCH_PATHS = "$(inherited) @executable_path/Frameworks";
				PRODUCT_BUNDLE_IDENTIFIER = com.erkekin.MyNetworkingApp;
				PRODUCT_NAME = "$(TARGET_NAME)";
				TARGETED_DEVICE_FAMILY = 1;
			};
			name = Debug;
		};
		FF273CDA1C4A4DEF001FE07A /* Release */ = {
			isa = XCBuildConfiguration;
			buildSettings = {
				ASSETCATALOG_COMPILER_APPICON_NAME = AppIcon;
				INFOPLIST_FILE = MyNetworkingApp/Info.plist;
				LD_RUNPATH_SEARCH_PATHS = "$(inherited) @executable_path/Frameworks";
				PRODUCT_BUNDLE_IDENTIFIER = com.erkekin.MyNetworkingApp;
				PRODUCT_NAME = "$(TARGET_NAME)";
				TARGETED_DEVICE_FAMILY = 1;
			};
			name = Release;
		};
		FF273CDC1C4A4DEF001FE07A /* Debug */ = {
			isa = XCBuildConfiguration;
			buildSettings = {
				BUNDLE_LOADER = "$(TEST_HOST)";
				INFOPLIST_FILE = MyNetworkingAppTests/Info.plist;
				LD_RUNPATH_SEARCH_PATHS = "$(inherited) @executable_path/Frameworks @loader_path/Frameworks";
				PRODUCT_BUNDLE_IDENTIFIER = com.erkekin.MyNetworkingAppTests;
				PRODUCT_NAME = "$(TARGET_NAME)";
				TEST_HOST = "$(BUILT_PRODUCTS_DIR)/MyNetworkingApp.app/MyNetworkingApp";
			};
			name = Debug;
		};
		FF273CDD1C4A4DEF001FE07A /* Release */ = {
			isa = XCBuildConfiguration;
			buildSettings = {
				BUNDLE_LOADER = "$(TEST_HOST)";
				INFOPLIST_FILE = MyNetworkingAppTests/Info.plist;
				LD_RUNPATH_SEARCH_PATHS = "$(inherited) @executable_path/Frameworks @loader_path/Frameworks";
				PRODUCT_BUNDLE_IDENTIFIER = com.erkekin.MyNetworkingAppTests;
				PRODUCT_NAME = "$(TARGET_NAME)";
				TEST_HOST = "$(BUILT_PRODUCTS_DIR)/MyNetworkingApp.app/MyNetworkingApp";
			};
			name = Release;
		};
/* End XCBuildConfiguration section */

/* Begin XCConfigurationList section */
		FF273CB61C4A4DEF001FE07A /* Build configuration list for PBXProject "MyNetworkingApp" */ = {
			isa = XCConfigurationList;
			buildConfigurations = (
				FF273CD61C4A4DEF001FE07A /* Debug */,
				FF273CD71C4A4DEF001FE07A /* Release */,
			);
			defaultConfigurationIsVisible = 0;
			defaultConfigurationName = Release;
		};
		FF273CD81C4A4DEF001FE07A /* Build configuration list for PBXNativeTarget "MyNetworkingApp" */ = {
			isa = XCConfigurationList;
			buildConfigurations = (
				FF273CD91C4A4DEF001FE07A /* Debug */,
				FF273CDA1C4A4DEF001FE07A /* Release */,
			);
			defaultConfigurationIsVisible = 0;
			defaultConfigurationName = Release;
		};
		FF273CDB1C4A4DEF001FE07A /* Build configuration list for PBXNativeTarget "MyNetworkingAppTests" */ = {
			isa = XCConfigurationList;
			buildConfigurations = (
				FF273CDC1C4A4DEF001FE07A /* Debug */,
				FF273CDD1C4A4DEF001FE07A /* Release */,
			);
			defaultConfigurationIsVisible = 0;
			defaultConfigurationName = Release;
		};
/* End XCConfigurationList section */
	};
	rootObject = FF273CB31C4A4DEF001FE07A /* Project object */;
}
